
Microsoft Visual Studio Solution File, Format Version 12.00
# Visual Studio Version 17
VisualStudioVersion = 17.14.36310.24
MinimumVisualStudioVersion = 10.0.40219.1
Project("{FAE04EC0-301F-11D3-BF4B-00C04F79EFBC}") = "SecretsManager", "src\SecretsManager\SecretsManager.csproj", "{84479A0B-3937-481E-8B09-355A924FBCDE}"
EndProject
Project("{FAE04EC0-301F-11D3-BF4B-00C04F79EFBC}") = "KeyVaultDemoApp", "src\KeyVaultDemoApp\KeyVaultDemoApp.csproj", "{49D0EEDB-3CA2-4CBE-ABBC-45D52CE39416}"
EndProject
Global
	GlobalSection(SolutionConfigurationPlatforms) = preSolution
		Debug|Any CPU = Debug|Any CPU
		Release|Any CPU = Release|Any CPU
	EndGlobalSection
	GlobalSection(ProjectConfigurationPlatforms) = postSolution
		{84479A0B-3937-481E-8B09-355A924FBCDE}.Debug|Any CPU.ActiveCfg = Debug|Any CPU
		{84479A0B-3937-481E-8B09-355A924FBCDE}.Debug|Any CPU.Build.0 = Debug|Any CPU
		{84479A0B-3937-481E-8B09-355A924FBCDE}.Release|Any CPU.ActiveCfg = Release|Any CPU
		{84479A0B-3937-481E-8B09-355A924FBCDE}.Release|Any CPU.Build.0 = Release|Any CPU
		{49D0EEDB-3CA2-4CBE-ABBC-45D52CE39416}.Debug|Any CPU.ActiveCfg = Debug|Any CPU
		{49D0EEDB-3CA2-4CBE-ABBC-45D52CE39416}.Debug|Any CPU.Build.0 = Debug|Any CPU
		{49D0EEDB-3CA2-4CBE-ABBC-45D52CE39416}.Release|Any CPU.ActiveCfg = Release|Any CPU
		{49D0EEDB-3CA2-4CBE-ABBC-45D52CE39416}.Release|Any CPU.Build.0 = Release|Any CPU
	EndGlobalSection
	GlobalSection(SolutionProperties) = preSolution
		HideSolutionNode = FALSE
	EndGlobalSection
	GlobalSection(ExtensibilityGlobals) = postSolution
		SolutionGuid = {CC3FEC94-9A72-478E-AAA0-F0321A14F528}
	EndGlobalSection
EndGlobal
